
Microsoft Visual Studio Solution File, Format Version 12.00
# Visual Studio 15
VisualStudioVersion = 15.0.28307.960
MinimumVisualStudioVersion = 10.0.40219.1
Project("{FAE04EC0-301F-11D3-BF4B-00C04F79EFBC}") = "BusinessLogic", "BusinessLogic\BusinessLogic.csproj", "{5C59AA90-E577-497A-8E57-D31237D6530F}"
EndProject
Project("{FAE04EC0-301F-11D3-BF4B-00C04F79EFBC}") = "BusinessLogic.Test", "BusinessLogic.Test\BusinessLogic.Test.csproj", "{0AF1E6CF-16B6-4F5B-BCEE-F734255AC217}"
EndProject
Project("{FAE04EC0-301F-11D3-BF4B-00C04F79EFBC}") = "DataAccess", "DataAccess\DataAccess.csproj", "{57BF477C-9AAC-4A81-A0F4-5F08DD532E94}"
EndProject
Project("{FAE04EC0-301F-11D3-BF4B-00C04F79EFBC}") = "UserInterface", "UserInterface\UserInterface.csproj", "{1D5DF748-D525-4973-A909-A7871CDBDC6B}"
EndProject
Project("{FAE04EC0-301F-11D3-BF4B-00C04F79EFBC}") = "DataAccess.Test", "DataAccess.Test\DataAccess.Test.csproj", "{BF03DEA4-9297-4F37-A8AA-2CA76134746E}"
EndProject
Global
	GlobalSection(SolutionConfigurationPlatforms) = preSolution
		Debug|Any CPU = Debug|Any CPU
		Release|Any CPU = Release|Any CPU
	EndGlobalSection
	GlobalSection(ProjectConfigurationPlatforms) = postSolution
		{5C59AA90-E577-497A-8E57-D31237D6530F}.Debug|Any CPU.ActiveCfg = Debug|Any CPU
		{5C59AA90-E577-497A-8E57-D31237D6530F}.Debug|Any CPU.Build.0 = Debug|Any CPU
		{5C59AA90-E577-497A-8E57-D31237D6530F}.Release|Any CPU.ActiveCfg = Release|Any CPU
		{5C59AA90-E577-497A-8E57-D31237D6530F}.Release|Any CPU.Build.0 = Release|Any CPU
		{0AF1E6CF-16B6-4F5B-BCEE-F734255AC217}.Debug|Any CPU.ActiveCfg = Debug|Any CPU
		{0AF1E6CF-16B6-4F5B-BCEE-F734255AC217}.Debug|Any CPU.Build.0 = Debug|Any CPU
		{0AF1E6CF-16B6-4F5B-BCEE-F734255AC217}.Release|Any CPU.ActiveCfg = Release|Any CPU
		{0AF1E6CF-16B6-4F5B-BCEE-F734255AC217}.Release|Any CPU.Build.0 = Release|Any CPU
		{57BF477C-9AAC-4A81-A0F4-5F08DD532E94}.Debug|Any CPU.ActiveCfg = Debug|Any CPU
		{57BF477C-9AAC-4A81-A0F4-5F08DD532E94}.Debug|Any CPU.Build.0 = Debug|Any CPU
		{57BF477C-9AAC-4A81-A0F4-5F08DD532E94}.Release|Any CPU.ActiveCfg = Release|Any CPU
		{57BF477C-9AAC-4A81-A0F4-5F08DD532E94}.Release|Any CPU.Build.0 = Release|Any CPU
		{1D5DF748-D525-4973-A909-A7871CDBDC6B}.Debug|Any CPU.ActiveCfg = Debug|Any CPU
		{1D5DF748-D525-4973-A909-A7871CDBDC6B}.Debug|Any CPU.Build.0 = Debug|Any CPU
		{1D5DF748-D525-4973-A909-A7871CDBDC6B}.Release|Any CPU.ActiveCfg = Release|Any CPU
		{1D5DF748-D525-4973-A909-A7871CDBDC6B}.Release|Any CPU.Build.0 = Release|Any CPU
		{BF03DEA4-9297-4F37-A8AA-2CA76134746E}.Debug|Any CPU.ActiveCfg = Debug|Any CPU
		{BF03DEA4-9297-4F37-A8AA-2CA76134746E}.Debug|Any CPU.Build.0 = Debug|Any CPU
		{BF03DEA4-9297-4F37-A8AA-2CA76134746E}.Release|Any CPU.ActiveCfg = Release|Any CPU
		{BF03DEA4-9297-4F37-A8AA-2CA76134746E}.Release|Any CPU.Build.0 = Release|Any CPU
	EndGlobalSection
	GlobalSection(SolutionProperties) = preSolution
		HideSolutionNode = FALSE
	EndGlobalSection
	GlobalSection(ExtensibilityGlobals) = postSolution
		SolutionGuid = {DF738580-6B77-45A0-9A9C-C15E287B990B}
	EndGlobalSection
EndGlobal
